
Microsoft Visual Studio Solution File, Format Version 12.00
# Visual Studio Version 16
VisualStudioVersion = 16.0.31321.278
MinimumVisualStudioVersion = 10.0.40219.1
Project("{2150E333-8FDC-42A3-9474-1A3956D46DE8}") = "src", "src", "{FF76B95C-E2C7-4C35-9188-191AD257EE1C}"
EndProject
Project("{2150E333-8FDC-42A3-9474-1A3956D46DE8}") = "test", "test", "{2D43DB0B-4652-4022-92AF-CFDFA5CCFBCC}"
EndProject
Project("{2150E333-8FDC-42A3-9474-1A3956D46DE8}") = "DataStructures", "DataStructures", "{6C0D48C7-E31E-4511-872F-18F69A23BD21}"
EndProject
Project("{2150E333-8FDC-42A3-9474-1A3956D46DE8}") = "Algorithms", "Algorithms", "{9528AAD0-B28F-4885-ADED-E02A502807FB}"
EndProject
Project("{2150E333-8FDC-42A3-9474-1A3956D46DE8}") = "DataStructures.Test", "DataStructures.Test", "{64DC1812-71DB-4CFF-BBC7-1E5337667F41}"
EndProject
Project("{2150E333-8FDC-42A3-9474-1A3956D46DE8}") = "Algorithms.Test", "Algorithms.Test", "{65B4C28B-1D6C-4D18-B444-41B75BBB64DE}"
EndProject
Project("{9A19103F-16F7-4668-BE54-9A1E7A4F7556}") = "DataStructures", "src\DataStructures\DataStructures.csproj", "{8AF93408-562C-4558-B4D9-8C92C92EBCF8}"
EndProject
Project("{FAE04EC0-301F-11D3-BF4B-00C04F79EFBC}") = "Algorithms", "src\Algorithms\Algorithms.csproj", "{168BF2B2-8C48-431B-8095-78A7AFA7BB5D}"
EndProject
Project("{FAE04EC0-301F-11D3-BF4B-00C04F79EFBC}") = "Algorithms.Test", "test\Algorithms.Test\Algorithms.Test.csproj", "{CC9405E0-735A-4491-8C02-0A20FAD3CBFC}"
EndProject
Project("{FAE04EC0-301F-11D3-BF4B-00C04F79EFBC}") = "DataStructures.Test", "test\DataStructures.Test\DataStructures.Test.csproj", "{D2592E18-8634-49D9-A84B-CD8523D083A5}"
EndProject
Global
	GlobalSection(SolutionConfigurationPlatforms) = preSolution
		Debug|Any CPU = Debug|Any CPU
		Release|Any CPU = Release|Any CPU
	EndGlobalSection
	GlobalSection(ProjectConfigurationPlatforms) = postSolution
		{8AF93408-562C-4558-B4D9-8C92C92EBCF8}.Debug|Any CPU.ActiveCfg = Debug|Any CPU
		{8AF93408-562C-4558-B4D9-8C92C92EBCF8}.Debug|Any CPU.Build.0 = Debug|Any CPU
		{8AF93408-562C-4558-B4D9-8C92C92EBCF8}.Release|Any CPU.ActiveCfg = Release|Any CPU
		{8AF93408-562C-4558-B4D9-8C92C92EBCF8}.Release|Any CPU.Build.0 = Release|Any CPU
		{168BF2B2-8C48-431B-8095-78A7AFA7BB5D}.Debug|Any CPU.ActiveCfg = Debug|Any CPU
		{168BF2B2-8C48-431B-8095-78A7AFA7BB5D}.Debug|Any CPU.Build.0 = Debug|Any CPU
		{168BF2B2-8C48-431B-8095-78A7AFA7BB5D}.Release|Any CPU.ActiveCfg = Release|Any CPU
		{168BF2B2-8C48-431B-8095-78A7AFA7BB5D}.Release|Any CPU.Build.0 = Release|Any CPU
		{CC9405E0-735A-4491-8C02-0A20FAD3CBFC}.Debug|Any CPU.ActiveCfg = Debug|Any CPU
		{CC9405E0-735A-4491-8C02-0A20FAD3CBFC}.Debug|Any CPU.Build.0 = Debug|Any CPU
		{CC9405E0-735A-4491-8C02-0A20FAD3CBFC}.Release|Any CPU.ActiveCfg = Release|Any CPU
		{CC9405E0-735A-4491-8C02-0A20FAD3CBFC}.Release|Any CPU.Build.0 = Release|Any CPU
		{D2592E18-8634-49D9-A84B-CD8523D083A5}.Debug|Any CPU.ActiveCfg = Debug|Any CPU
		{D2592E18-8634-49D9-A84B-CD8523D083A5}.Debug|Any CPU.Build.0 = Debug|Any CPU
		{D2592E18-8634-49D9-A84B-CD8523D083A5}.Release|Any CPU.ActiveCfg = Release|Any CPU
		{D2592E18-8634-49D9-A84B-CD8523D083A5}.Release|Any CPU.Build.0 = Release|Any CPU
	EndGlobalSection
	GlobalSection(SolutionProperties) = preSolution
		HideSolutionNode = FALSE
	EndGlobalSection
	GlobalSection(NestedProjects) = preSolution
		{6C0D48C7-E31E-4511-872F-18F69A23BD21} = {FF76B95C-E2C7-4C35-9188-191AD257EE1C}
		{9528AAD0-B28F-4885-ADED-E02A502807FB} = {FF76B95C-E2C7-4C35-9188-191AD257EE1C}
		{64DC1812-71DB-4CFF-BBC7-1E5337667F41} = {2D43DB0B-4652-4022-92AF-CFDFA5CCFBCC}
		{65B4C28B-1D6C-4D18-B444-41B75BBB64DE} = {2D43DB0B-4652-4022-92AF-CFDFA5CCFBCC}
		{8AF93408-562C-4558-B4D9-8C92C92EBCF8} = {6C0D48C7-E31E-4511-872F-18F69A23BD21}
		{168BF2B2-8C48-431B-8095-78A7AFA7BB5D} = {9528AAD0-B28F-4885-ADED-E02A502807FB}
		{CC9405E0-735A-4491-8C02-0A20FAD3CBFC} = {65B4C28B-1D6C-4D18-B444-41B75BBB64DE}
		{D2592E18-8634-49D9-A84B-CD8523D083A5} = {64DC1812-71DB-4CFF-BBC7-1E5337667F41}
	EndGlobalSection
	GlobalSection(ExtensibilityGlobals) = postSolution
		SolutionGuid = {A6C3FF43-874F-414E-B501-9B31D392F4DC}
	EndGlobalSection
EndGlobal
