
Microsoft Visual Studio Solution File, Format Version 12.00
# Visual Studio Version 17
VisualStudioVersion = 17.5.33424.131
MinimumVisualStudioVersion = 10.0.40219.1
Project("{2150E333-8FDC-42A3-9474-1A3956D46DE8}") = "src", "src", "{15760637-B4A1-40F7-86AC-F960C5E2095E}"
EndProject
Project("{2150E333-8FDC-42A3-9474-1A3956D46DE8}") = "test", "test", "{0DEB0B9C-6DF2-4B4D-A378-821A22BED32B}"
EndProject
Project("{2150E333-8FDC-42A3-9474-1A3956D46DE8}") = "Linear", "Linear", "{B5BDB195-77F2-430F-84FB-31F4CA074E35}"
EndProject
Project("{2150E333-8FDC-42A3-9474-1A3956D46DE8}") = "Non-Linear", "Non-Linear", "{D4E9E0C3-8078-4F00-AFE9-CC211BE80969}"
EndProject
Project("{2150E333-8FDC-42A3-9474-1A3956D46DE8}") = "ClientFirstDesign", "ClientFirstDesign", "{3898F92B-7F00-46A9-A3C2-15B457EC3FF6}"
EndProject
Project("{2150E333-8FDC-42A3-9474-1A3956D46DE8}") = "UnitTest", "UnitTest", "{CD3249C5-6050-45BE-B60C-B2E32A610795}"
EndProject
Project("{2150E333-8FDC-42A3-9474-1A3956D46DE8}") = "Linear", "Linear", "{C3FCD943-4F55-4BA4-ABBF-1FCA0981A8B4}"
EndProject
Project("{2150E333-8FDC-42A3-9474-1A3956D46DE8}") = "NonLinear", "NonLinear", "{98A79191-923C-4D34-8986-797FBB774954}"
EndProject
Project("{9A19103F-16F7-4668-BE54-9A1E7A4F7556}") = "VP.Dsa.Linear", "src\Linear\VP.Dsa.Linear.csproj", "{9C2A192B-CEEC-4CC4-B03E-B4A3DA4E4E90}"
EndProject
Project("{2150E333-8FDC-42A3-9474-1A3956D46DE8}") = "ClientFirstDesign", "ClientFirstDesign", "{5A39127E-EE0B-4DCD-824C-712A3D96323A}"
EndProject
Project("{2150E333-8FDC-42A3-9474-1A3956D46DE8}") = "UnitTest", "UnitTest", "{EF79EDE6-97B6-474F-899F-EE606D37FA21}"
EndProject
Project("{9A19103F-16F7-4668-BE54-9A1E7A4F7556}") = "VP.Dsa.NonLinear", "src\NonLinear\VP.Dsa.NonLinear.csproj", "{4CCDEBD9-E8E7-4A6C-B2B3-C7310072EFA0}"
EndProject
Project("{9A19103F-16F7-4668-BE54-9A1E7A4F7556}") = "VP.Dsa.Test.Linear.ClientFirstDesign", "test\Linear\ClientFirstDesign\VP.Dsa.Test.Linear.ClientFirstDesign.csproj", "{5AAF6F34-ECE9-4B29-BF11-F322C5EF6141}"
EndProject
Project("{9A19103F-16F7-4668-BE54-9A1E7A4F7556}") = "VP.Dsa.Test.Linear.UnitTest", "test\Linear\UnitTest\VP.Dsa.Test.Linear.UnitTest.csproj", "{48678F5C-977E-4301-8D9B-199AC2FB2CE7}"
EndProject
Global
	GlobalSection(SolutionConfigurationPlatforms) = preSolution
		Debug|Any CPU = Debug|Any CPU
		Release|Any CPU = Release|Any CPU
	EndGlobalSection
	GlobalSection(ProjectConfigurationPlatforms) = postSolution
		{9C2A192B-CEEC-4CC4-B03E-B4A3DA4E4E90}.Debug|Any CPU.ActiveCfg = Debug|Any CPU
		{9C2A192B-CEEC-4CC4-B03E-B4A3DA4E4E90}.Debug|Any CPU.Build.0 = Debug|Any CPU
		{9C2A192B-CEEC-4CC4-B03E-B4A3DA4E4E90}.Release|Any CPU.ActiveCfg = Release|Any CPU
		{9C2A192B-CEEC-4CC4-B03E-B4A3DA4E4E90}.Release|Any CPU.Build.0 = Release|Any CPU
		{4CCDEBD9-E8E7-4A6C-B2B3-C7310072EFA0}.Debug|Any CPU.ActiveCfg = Debug|Any CPU
		{4CCDEBD9-E8E7-4A6C-B2B3-C7310072EFA0}.Debug|Any CPU.Build.0 = Debug|Any CPU
		{4CCDEBD9-E8E7-4A6C-B2B3-C7310072EFA0}.Release|Any CPU.ActiveCfg = Release|Any CPU
		{4CCDEBD9-E8E7-4A6C-B2B3-C7310072EFA0}.Release|Any CPU.Build.0 = Release|Any CPU
		{5AAF6F34-ECE9-4B29-BF11-F322C5EF6141}.Debug|Any CPU.ActiveCfg = Debug|Any CPU
		{5AAF6F34-ECE9-4B29-BF11-F322C5EF6141}.Debug|Any CPU.Build.0 = Debug|Any CPU
		{5AAF6F34-ECE9-4B29-BF11-F322C5EF6141}.Release|Any CPU.ActiveCfg = Release|Any CPU
		{5AAF6F34-ECE9-4B29-BF11-F322C5EF6141}.Release|Any CPU.Build.0 = Release|Any CPU
		{48678F5C-977E-4301-8D9B-199AC2FB2CE7}.Debug|Any CPU.ActiveCfg = Debug|Any CPU
		{48678F5C-977E-4301-8D9B-199AC2FB2CE7}.Debug|Any CPU.Build.0 = Debug|Any CPU
		{48678F5C-977E-4301-8D9B-199AC2FB2CE7}.Release|Any CPU.ActiveCfg = Release|Any CPU
		{48678F5C-977E-4301-8D9B-199AC2FB2CE7}.Release|Any CPU.Build.0 = Release|Any CPU
	EndGlobalSection
	GlobalSection(SolutionProperties) = preSolution
		HideSolutionNode = FALSE
	EndGlobalSection
	GlobalSection(NestedProjects) = preSolution
		{B5BDB195-77F2-430F-84FB-31F4CA074E35} = {15760637-B4A1-40F7-86AC-F960C5E2095E}
		{D4E9E0C3-8078-4F00-AFE9-CC211BE80969} = {15760637-B4A1-40F7-86AC-F960C5E2095E}
		{3898F92B-7F00-46A9-A3C2-15B457EC3FF6} = {C3FCD943-4F55-4BA4-ABBF-1FCA0981A8B4}
		{CD3249C5-6050-45BE-B60C-B2E32A610795} = {C3FCD943-4F55-4BA4-ABBF-1FCA0981A8B4}
		{C3FCD943-4F55-4BA4-ABBF-1FCA0981A8B4} = {0DEB0B9C-6DF2-4B4D-A378-821A22BED32B}
		{98A79191-923C-4D34-8986-797FBB774954} = {0DEB0B9C-6DF2-4B4D-A378-821A22BED32B}
		{9C2A192B-CEEC-4CC4-B03E-B4A3DA4E4E90} = {B5BDB195-77F2-430F-84FB-31F4CA074E35}
		{5A39127E-EE0B-4DCD-824C-712A3D96323A} = {98A79191-923C-4D34-8986-797FBB774954}
		{EF79EDE6-97B6-474F-899F-EE606D37FA21} = {98A79191-923C-4D34-8986-797FBB774954}
		{4CCDEBD9-E8E7-4A6C-B2B3-C7310072EFA0} = {D4E9E0C3-8078-4F00-AFE9-CC211BE80969}
		{5AAF6F34-ECE9-4B29-BF11-F322C5EF6141} = {3898F92B-7F00-46A9-A3C2-15B457EC3FF6}
		{48678F5C-977E-4301-8D9B-199AC2FB2CE7} = {CD3249C5-6050-45BE-B60C-B2E32A610795}
	EndGlobalSection
	GlobalSection(ExtensibilityGlobals) = postSolution
		SolutionGuid = {3C2E3FA9-D6F0-4942-A2D9-CE55E0BEB002}
	EndGlobalSection
EndGlobal
