
Microsoft Visual Studio Solution File, Format Version 12.00
# Visual Studio Version 17
VisualStudioVersion = 17.5.33424.131
MinimumVisualStudioVersion = 10.0.40219.1
Project("{2150E333-8FDC-42A3-9474-1A3956D46DE8}") = "src", "src", "{15760637-B4A1-40F7-86AC-F960C5E2095E}"
EndProject
Project("{2150E333-8FDC-42A3-9474-1A3956D46DE8}") = "test", "test", "{0DEB0B9C-6DF2-4B4D-A378-821A22BED32B}"
EndProject
Project("{2150E333-8FDC-42A3-9474-1A3956D46DE8}") = "Linear", "Linear", "{B5BDB195-77F2-430F-84FB-31F4CA074E35}"
EndProject
Project("{2150E333-8FDC-42A3-9474-1A3956D46DE8}") = "Non-Linear", "Non-Linear", "{D4E9E0C3-8078-4F00-AFE9-CC211BE80969}"
EndProject
Project("{2150E333-8FDC-42A3-9474-1A3956D46DE8}") = "ClientFirstDesign", "ClientFirstDesign", "{3898F92B-7F00-46A9-A3C2-15B457EC3FF6}"
EndProject
Project("{2150E333-8FDC-42A3-9474-1A3956D46DE8}") = "UnitTest", "UnitTest", "{CD3249C5-6050-45BE-B60C-B2E32A610795}"
EndProject
Project("{2150E333-8FDC-42A3-9474-1A3956D46DE8}") = "Linear", "Linear", "{C3FCD943-4F55-4BA4-ABBF-1FCA0981A8B4}"
EndProject
Project("{2150E333-8FDC-42A3-9474-1A3956D46DE8}") = "NonLinear", "NonLinear", "{98A79191-923C-4D34-8986-797FBB774954}"
EndProject
Project("{2150E333-8FDC-42A3-9474-1A3956D46DE8}") = "ClientFirstDesign", "ClientFirstDesign", "{5A39127E-EE0B-4DCD-824C-712A3D96323A}"
EndProject
Project("{2150E333-8FDC-42A3-9474-1A3956D46DE8}") = "UnitTest", "UnitTest", "{EF79EDE6-97B6-474F-899F-EE606D37FA21}"
EndProject
Project("{9A19103F-16F7-4668-BE54-9A1E7A4F7556}") = "VP.DataStructures.Linear", "src\Linear\VP.DataStructures.Linear.csproj", "{030D0C3E-6FA5-42F9-9699-1D238FE4440D}"
EndProject
Project("{9A19103F-16F7-4668-BE54-9A1E7A4F7556}") = "VP.DataStructures.Test.Linear.UnitTest", "test\Linear\UnitTest\VP.DataStructures.Test.Linear.UnitTest.csproj", "{7B3B2A63-B3F4-418B-8636-2BCCC4CBBE95}"
EndProject
Project("{9A19103F-16F7-4668-BE54-9A1E7A4F7556}") = "VP.DataStructures.Test.Linear.ClientFirstDesign", "test\Linear\ClientFirstDesign\VP.DataStructures.Test.Linear.ClientFirstDesign.csproj", "{62A64E0A-2EF5-4849-A987-F8F3ABEBB3C5}"
EndProject
Global
	GlobalSection(SolutionConfigurationPlatforms) = preSolution
		Debug|Any CPU = Debug|Any CPU
		Release|Any CPU = Release|Any CPU
	EndGlobalSection
	GlobalSection(ProjectConfigurationPlatforms) = postSolution
		{030D0C3E-6FA5-42F9-9699-1D238FE4440D}.Debug|Any CPU.ActiveCfg = Debug|Any CPU
		{030D0C3E-6FA5-42F9-9699-1D238FE4440D}.Debug|Any CPU.Build.0 = Debug|Any CPU
		{030D0C3E-6FA5-42F9-9699-1D238FE4440D}.Release|Any CPU.ActiveCfg = Release|Any CPU
		{030D0C3E-6FA5-42F9-9699-1D238FE4440D}.Release|Any CPU.Build.0 = Release|Any CPU
		{7B3B2A63-B3F4-418B-8636-2BCCC4CBBE95}.Debug|Any CPU.ActiveCfg = Debug|Any CPU
		{7B3B2A63-B3F4-418B-8636-2BCCC4CBBE95}.Debug|Any CPU.Build.0 = Debug|Any CPU
		{7B3B2A63-B3F4-418B-8636-2BCCC4CBBE95}.Release|Any CPU.ActiveCfg = Release|Any CPU
		{7B3B2A63-B3F4-418B-8636-2BCCC4CBBE95}.Release|Any CPU.Build.0 = Release|Any CPU
		{62A64E0A-2EF5-4849-A987-F8F3ABEBB3C5}.Debug|Any CPU.ActiveCfg = Debug|Any CPU
		{62A64E0A-2EF5-4849-A987-F8F3ABEBB3C5}.Debug|Any CPU.Build.0 = Debug|Any CPU
		{62A64E0A-2EF5-4849-A987-F8F3ABEBB3C5}.Release|Any CPU.ActiveCfg = Release|Any CPU
		{62A64E0A-2EF5-4849-A987-F8F3ABEBB3C5}.Release|Any CPU.Build.0 = Release|Any CPU
	EndGlobalSection
	GlobalSection(SolutionProperties) = preSolution
		HideSolutionNode = FALSE
	EndGlobalSection
	GlobalSection(NestedProjects) = preSolution
		{B5BDB195-77F2-430F-84FB-31F4CA074E35} = {15760637-B4A1-40F7-86AC-F960C5E2095E}
		{D4E9E0C3-8078-4F00-AFE9-CC211BE80969} = {15760637-B4A1-40F7-86AC-F960C5E2095E}
		{3898F92B-7F00-46A9-A3C2-15B457EC3FF6} = {C3FCD943-4F55-4BA4-ABBF-1FCA0981A8B4}
		{CD3249C5-6050-45BE-B60C-B2E32A610795} = {C3FCD943-4F55-4BA4-ABBF-1FCA0981A8B4}
		{C3FCD943-4F55-4BA4-ABBF-1FCA0981A8B4} = {0DEB0B9C-6DF2-4B4D-A378-821A22BED32B}
		{98A79191-923C-4D34-8986-797FBB774954} = {0DEB0B9C-6DF2-4B4D-A378-821A22BED32B}
		{5A39127E-EE0B-4DCD-824C-712A3D96323A} = {98A79191-923C-4D34-8986-797FBB774954}
		{EF79EDE6-97B6-474F-899F-EE606D37FA21} = {98A79191-923C-4D34-8986-797FBB774954}
		{030D0C3E-6FA5-42F9-9699-1D238FE4440D} = {B5BDB195-77F2-430F-84FB-31F4CA074E35}
		{7B3B2A63-B3F4-418B-8636-2BCCC4CBBE95} = {CD3249C5-6050-45BE-B60C-B2E32A610795}
		{62A64E0A-2EF5-4849-A987-F8F3ABEBB3C5} = {3898F92B-7F00-46A9-A3C2-15B457EC3FF6}
	EndGlobalSection
	GlobalSection(ExtensibilityGlobals) = postSolution
		SolutionGuid = {3C2E3FA9-D6F0-4942-A2D9-CE55E0BEB002}
	EndGlobalSection
EndGlobal
